
Microsoft Visual Studio Solution File, Format Version 12.00
# Visual Studio Version 17
VisualStudioVersion = 17.0.32112.339
MinimumVisualStudioVersion = 10.0.40219.1
Project("{FAE04EC0-301F-11D3-BF4B-00C04F79EFBC}") = "ConsoleAppPohidDebug", "ConsoleAppPohidDebug\ConsoleAppPohidDebug.csproj", "{0CCCC28D-8CF5-4DC1-9477-2D14F9F10F8A}"
EndProject
Global
	GlobalSection(SolutionConfigurationPlatforms) = preSolution
		Debug|Any CPU = Debug|Any CPU
		Release|Any CPU = Release|Any CPU
	EndGlobalSection
	GlobalSection(ProjectConfigurationPlatforms) = postSolution
		{0CCCC28D-8CF5-4DC1-9477-2D14F9F10F8A}.Debug|Any CPU.ActiveCfg = Debug|Any CPU
		{0CCCC28D-8CF5-4DC1-9477-2D14F9F10F8A}.Debug|Any CPU.Build.0 = Debug|Any CPU
		{0CCCC28D-8CF5-4DC1-9477-2D14F9F10F8A}.Release|Any CPU.ActiveCfg = Release|Any CPU
		{0CCCC28D-8CF5-4DC1-9477-2D14F9F10F8A}.Release|Any CPU.Build.0 = Release|Any CPU
	EndGlobalSection
	GlobalSection(SolutionProperties) = preSolution
		HideSolutionNode = FALSE
	EndGlobalSection
	GlobalSection(ExtensibilityGlobals) = postSolution
		SolutionGuid = {01AD3CD1-5C12-4BE7-B1A7-850BC7C0DC01}
	EndGlobalSection
EndGlobal
