
Microsoft Visual Studio Solution File, Format Version 12.00
# Visual Studio Version 17
VisualStudioVersion = 17.0.32112.339
MinimumVisualStudioVersion = 10.0.40219.1
Project("{FAE04EC0-301F-11D3-BF4B-00C04F79EFBC}") = "ConsoleAppPohid", "ConsoleAppPohid\ConsoleAppPohid.csproj", "{0873B810-E558-4EA1-8091-001F806C7343}"
EndProject
Global
	GlobalSection(SolutionConfigurationPlatforms) = preSolution
		Debug|Any CPU = Debug|Any CPU
		Release|Any CPU = Release|Any CPU
	EndGlobalSection
	GlobalSection(ProjectConfigurationPlatforms) = postSolution
		{0873B810-E558-4EA1-8091-001F806C7343}.Debug|Any CPU.ActiveCfg = Debug|Any CPU
		{0873B810-E558-4EA1-8091-001F806C7343}.Debug|Any CPU.Build.0 = Debug|Any CPU
		{0873B810-E558-4EA1-8091-001F806C7343}.Release|Any CPU.ActiveCfg = Release|Any CPU
		{0873B810-E558-4EA1-8091-001F806C7343}.Release|Any CPU.Build.0 = Release|Any CPU
	EndGlobalSection
	GlobalSection(SolutionProperties) = preSolution
		HideSolutionNode = FALSE
	EndGlobalSection
	GlobalSection(ExtensibilityGlobals) = postSolution
		SolutionGuid = {AD9B774B-9C46-4E01-8622-789D58A5EEF2}
	EndGlobalSection
EndGlobal
